
Microsoft Visual Studio Solution File, Format Version 12.00
# Visual Studio Version 16
VisualStudioVersion = 16.0.31129.286
MinimumVisualStudioVersion = 10.0.40219.1
Project("{888888A0-9F3D-457C-B088-3A5042F75D52}") = "Python", "Python\Python.pyproj", "{097B6E7C-8B2A-45CC-BBEB-A81B0EF0E641}"
EndProject
Global
	GlobalSection(SolutionConfigurationPlatforms) = preSolution
		Debug|Any CPU = Debug|Any CPU
		Release|Any CPU = Release|Any CPU
	EndGlobalSection
	GlobalSection(ProjectConfigurationPlatforms) = postSolution
		{097B6E7C-8B2A-45CC-BBEB-A81B0EF0E641}.Debug|Any CPU.ActiveCfg = Debug|Any CPU
		{097B6E7C-8B2A-45CC-BBEB-A81B0EF0E641}.Release|Any CPU.ActiveCfg = Release|Any CPU
	EndGlobalSection
	GlobalSection(SolutionProperties) = preSolution
		HideSolutionNode = FALSE
	EndGlobalSection
	GlobalSection(ExtensibilityGlobals) = postSolution
		SolutionGuid = {1ACA2591-B98F-43E0-AFC3-E6CE4B4BD385}
	EndGlobalSection
EndGlobal
